
Microsoft Visual Studio Solution File, Format Version 12.00
# Visual Studio 15
VisualStudioVersion = 15.0.34526.175
MinimumVisualStudioVersion = 10.0.40219.1
Project("{FAE04EC0-301F-11D3-BF4B-00C04F79EFBC}") = "ComputerCheck", "ComputerCheck\ComputerCheck.csproj", "{BF9237B4-4926-4683-B7AF-C502A418344D}"
EndProject
Project("{FAE04EC0-301F-11D3-BF4B-00C04F79EFBC}") = "DBLayer", "DBLayer\DBLayer.csproj", "{B26AF1BE-F14C-4CBD-907C-B6D05935487F}"
EndProject
Global
	GlobalSection(SolutionConfigurationPlatforms) = preSolution
		Debug|Any CPU = Debug|Any CPU
		Release|Any CPU = Release|Any CPU
	EndGlobalSection
	GlobalSection(ProjectConfigurationPlatforms) = postSolution
		{BF9237B4-4926-4683-B7AF-C502A418344D}.Debug|Any CPU.ActiveCfg = Debug|Any CPU
		{BF9237B4-4926-4683-B7AF-C502A418344D}.Debug|Any CPU.Build.0 = Debug|Any CPU
		{BF9237B4-4926-4683-B7AF-C502A418344D}.Release|Any CPU.ActiveCfg = Release|Any CPU
		{BF9237B4-4926-4683-B7AF-C502A418344D}.Release|Any CPU.Build.0 = Release|Any CPU
		{B26AF1BE-F14C-4CBD-907C-B6D05935487F}.Debug|Any CPU.ActiveCfg = Debug|Any CPU
		{B26AF1BE-F14C-4CBD-907C-B6D05935487F}.Debug|Any CPU.Build.0 = Debug|Any CPU
		{B26AF1BE-F14C-4CBD-907C-B6D05935487F}.Release|Any CPU.ActiveCfg = Release|Any CPU
		{B26AF1BE-F14C-4CBD-907C-B6D05935487F}.Release|Any CPU.Build.0 = Release|Any CPU
	EndGlobalSection
	GlobalSection(SolutionProperties) = preSolution
		HideSolutionNode = FALSE
	EndGlobalSection
	GlobalSection(ExtensibilityGlobals) = postSolution
		SolutionGuid = {3406A13E-29D0-482A-8CAC-70700D9D2F47}
	EndGlobalSection
EndGlobal
